
Microsoft Visual Studio Solution File, Format Version 11.00
# Visual Studio 2010
Project("{FAE04EC0-301F-11D3-BF4B-00C04F79EFBC}") = "DAL_TOP_AM", "DAL_TOP_AM\DAL_TOP_AM.csproj", "{F251575B-200B-4225-8DC3-8452A65BEBCD}"
EndProject
Project("{FAE04EC0-301F-11D3-BF4B-00C04F79EFBC}") = "TST_DAL_TOP_AM", "TST_DAL_TOP_AM\TST_DAL_TOP_AM.csproj", "{2B32A434-FBE9-436F-AE88-11B70EDBC027}"
EndProject
Project("{2150E333-8FDC-42A3-9474-1A3956D46DE8}") = "Solution Items", "Solution Items", "{A10BE315-0048-4CAD-8871-EFB39B662B19}"
	ProjectSection(SolutionItems) = preProject
		DAL_TOP_AM.vsmdi = DAL_TOP_AM.vsmdi
		Local.testsettings = Local.testsettings
		TraceAndTestImpact.testsettings = TraceAndTestImpact.testsettings
	EndProjectSection
EndProject
Global
	GlobalSection(TestCaseManagementSettings) = postSolution
		CategoryFile = DAL_TOP_AM.vsmdi
	EndGlobalSection
	GlobalSection(SolutionConfigurationPlatforms) = preSolution
		Debug|Any CPU = Debug|Any CPU
		Release|Any CPU = Release|Any CPU
	EndGlobalSection
	GlobalSection(ProjectConfigurationPlatforms) = postSolution
		{F251575B-200B-4225-8DC3-8452A65BEBCD}.Debug|Any CPU.ActiveCfg = Debug|Any CPU
		{F251575B-200B-4225-8DC3-8452A65BEBCD}.Debug|Any CPU.Build.0 = Debug|Any CPU
		{F251575B-200B-4225-8DC3-8452A65BEBCD}.Release|Any CPU.ActiveCfg = Release|Any CPU
		{F251575B-200B-4225-8DC3-8452A65BEBCD}.Release|Any CPU.Build.0 = Release|Any CPU
		{2B32A434-FBE9-436F-AE88-11B70EDBC027}.Debug|Any CPU.ActiveCfg = Debug|Any CPU
		{2B32A434-FBE9-436F-AE88-11B70EDBC027}.Debug|Any CPU.Build.0 = Debug|Any CPU
		{2B32A434-FBE9-436F-AE88-11B70EDBC027}.Release|Any CPU.ActiveCfg = Release|Any CPU
		{2B32A434-FBE9-436F-AE88-11B70EDBC027}.Release|Any CPU.Build.0 = Release|Any CPU
	EndGlobalSection
	GlobalSection(SolutionProperties) = preSolution
		HideSolutionNode = FALSE
	EndGlobalSection
EndGlobal
