
Microsoft Visual Studio Solution File, Format Version 11.00
# Visual Studio 2010
Project("{FAE04EC0-301F-11D3-BF4B-00C04F79EFBC}") = "FactoryBuilder", "FactoryBuilder\FactoryBuilder.csproj", "{3DBA08A0-BEC9-4189-8E97-CC036DB65902}"
EndProject
Project("{2150E333-8FDC-42A3-9474-1A3956D46DE8}") = "Solution Items", "Solution Items", "{0854520E-5ACB-4967-8DD7-057A8DBDA728}"
	ProjectSection(SolutionItems) = preProject
		FactoryBuilder.vsmdi = FactoryBuilder.vsmdi
		Local.testsettings = Local.testsettings
		TraceAndTestImpact.testsettings = TraceAndTestImpact.testsettings
	EndProjectSection
EndProject
Project("{FAE04EC0-301F-11D3-BF4B-00C04F79EFBC}") = "DAL_File_Factory", "DAL_File_Factory\DAL_File_Factory.csproj", "{2782635E-D952-485E-8DFC-C114702B0223}"
EndProject
Project("{FAE04EC0-301F-11D3-BF4B-00C04F79EFBC}") = "TST_DAL_File_Factory", "TST_DAL_File_Factory\TST_DAL_File_Factory.csproj", "{E80ED4E9-D454-4C3A-A08A-E8EAC52DE7F6}"
EndProject
Project("{FAE04EC0-301F-11D3-BF4B-00C04F79EFBC}") = "DAL_SQL_Server", "F:\SVN_WorkSpace\CBS_01_00_001 - SIMULATION\FactoryBuilder\DAL_SQL_Server\DAL_SQL_Server.csproj", "{9B230361-D018-4E01-B114-0643FB3E615D}"
EndProject
Global
	GlobalSection(TestCaseManagementSettings) = postSolution
		CategoryFile = FactoryBuilder.vsmdi
	EndGlobalSection
	GlobalSection(SolutionConfigurationPlatforms) = preSolution
		Debug|Any CPU = Debug|Any CPU
		Release|Any CPU = Release|Any CPU
	EndGlobalSection
	GlobalSection(ProjectConfigurationPlatforms) = postSolution
		{3DBA08A0-BEC9-4189-8E97-CC036DB65902}.Debug|Any CPU.ActiveCfg = Debug|Any CPU
		{3DBA08A0-BEC9-4189-8E97-CC036DB65902}.Debug|Any CPU.Build.0 = Debug|Any CPU
		{3DBA08A0-BEC9-4189-8E97-CC036DB65902}.Release|Any CPU.ActiveCfg = Release|Any CPU
		{3DBA08A0-BEC9-4189-8E97-CC036DB65902}.Release|Any CPU.Build.0 = Release|Any CPU
		{2782635E-D952-485E-8DFC-C114702B0223}.Debug|Any CPU.ActiveCfg = Debug|Any CPU
		{2782635E-D952-485E-8DFC-C114702B0223}.Debug|Any CPU.Build.0 = Debug|Any CPU
		{2782635E-D952-485E-8DFC-C114702B0223}.Release|Any CPU.ActiveCfg = Release|Any CPU
		{2782635E-D952-485E-8DFC-C114702B0223}.Release|Any CPU.Build.0 = Release|Any CPU
		{E80ED4E9-D454-4C3A-A08A-E8EAC52DE7F6}.Debug|Any CPU.ActiveCfg = Debug|Any CPU
		{E80ED4E9-D454-4C3A-A08A-E8EAC52DE7F6}.Debug|Any CPU.Build.0 = Debug|Any CPU
		{E80ED4E9-D454-4C3A-A08A-E8EAC52DE7F6}.Release|Any CPU.ActiveCfg = Release|Any CPU
		{E80ED4E9-D454-4C3A-A08A-E8EAC52DE7F6}.Release|Any CPU.Build.0 = Release|Any CPU
		{9B230361-D018-4E01-B114-0643FB3E615D}.Debug|Any CPU.ActiveCfg = Debug|Any CPU
		{9B230361-D018-4E01-B114-0643FB3E615D}.Debug|Any CPU.Build.0 = Debug|Any CPU
		{9B230361-D018-4E01-B114-0643FB3E615D}.Release|Any CPU.ActiveCfg = Release|Any CPU
		{9B230361-D018-4E01-B114-0643FB3E615D}.Release|Any CPU.Build.0 = Release|Any CPU
	EndGlobalSection
	GlobalSection(SolutionProperties) = preSolution
		HideSolutionNode = FALSE
	EndGlobalSection
EndGlobal
